# This file is autogenerated, do not edit; changes may be undone by the next 'dep ensure'.


[[projects]]
  branch = "master"
  digest = "1:c3806bfe3d2c9baa0d4ebd90f0a59c7505969bcaab024b5185d20ccd66c9400c"
  name = "github.com/buger/goterm"
  packages = ["."]
  pruneopts = "UT"
  revision = "6d19e6a8df12fdfc44a90a24b677a6d04a80b91f"

[[projects]]
  digest = "1:ffe9824d294da03b391f44e1ae8281281b4afc1bdaa9588c9097785e3af10cec"
  name = "github.com/davecgh/go-spew"
  packages = ["spew"]
  pruneopts = "UT"
  revision = "8991bc29aa16c548c550c7ff78260e27b9ab7c73"
  version = "v1.1.1"

[[projects]]
  branch = "master"
  digest = "1:eed1efee98f5d335e09757758cb86542df2b9f99be0b95e030963eeb0b192639"
  name = "github.com/donovanhide/eventsource"
  packages = ["."]
  pruneopts = "UT"
  revision = "3ed64d21fb0b6bd8b49bcfec08f3004daee8723d"

[[projects]]
  branch = "master"
  digest = "1:3e244d67e671248d6b26b3739535b86621ec63b41ca12d44332954da763cb2ee"
  name = "github.com/gambol99/go-marathon"
  packages = ["."]
  pruneopts = "UT"
  revision = "6d1efaff86d484701d242bee396e7bdd35ce27d2"

[[projects]]
  digest = "1:2cd7915ab26ede7d95b8749e6b1f933f1c6d5398030684e6505940a10f31cfda"
  name = "github.com/ghodss/yaml"
  packages = ["."]
  pruneopts = "UT"
  revision = "0ca9ea5df5451ffdf184b4428c902747c2c11cd7"
  version = "v1.0.0"

[[projects]]
  digest = "1:e1ff887e232b2d8f4f7c7db15a5fac7be418025afc4dda53c59c765dbb5aa6b4"
  name = "github.com/go-playground/locales"
  packages = [
    ".",
    "currency",
  ]
  pruneopts = "UT"
  revision = "f63010822830b6fe52288ee52d5a1151088ce039"
  version = "v0.12.1"

[[projects]]
  digest = "1:e022cf244bcac1b6ef933f1a2e0adcf6a6dfd7b872d8d41e4d4179bb09a87cbc"
  name = "github.com/go-playground/universal-translator"
  packages = ["."]
  pruneopts = "UT"
  revision = "b32fa301c9fe55953584134cb6853a13c87ec0a1"
  version = "v0.16.0"

[[projects]]
  branch = "master"
  digest = "1:a63cff6b5d8b95638bfe300385d93b2a6d9d687734b863da8e09dc834510a690"
  name = "github.com/google/go-querystring"
  packages = ["query"]
  pruneopts = "UT"
  revision = "53e6ce116135b80d037921a7fdd5138cf32d7a8a"

[[projects]]
  digest = "1:9b1e73ebf7e42d1b0a85b9f9c68d3bb39f1c8e29dd473e49a6dd31c736df9801"
  name = "github.com/gorilla/rpc"
  packages = ["."]
  pruneopts = "UT"
  revision = "22c016f3df3febe0c1f6727598b6389507e03a18"
  version = "v1.1.0"

[[projects]]
  branch = "master"
  digest = "1:d51e2697d4292a19638a878c8009ceb47c2872a0f2c69f83861e7a0562b81199"
  name = "github.com/loopfz/gadgeto"
  packages = ["amock"]
  pruneopts = "UT"
  revision = "ef79784b0beab02640cba3430211da8b78a395d4"

[[projects]]
  branch = "master"
  digest = "1:5f084e20657c95734056f471cb2260991d07afdf0c7562fc1fed35db22ace44c"
  name = "github.com/mattn/go-shellwords"
  packages = ["."]
  pruneopts = "UT"
  revision = "f8471b0a71ded0ab910825ee2cf230f25de000f1"

[[projects]]
  branch = "master"
  digest = "1:d0c95a34e79df79eb96ca870d6b6fc43361d34c9c05495f93a5ad0077f7bbb24"
  name = "github.com/mitchellh/go-ps"
  packages = ["."]
  pruneopts = "UT"
  revision = "4fdf99ab29366514c69ccccddab5dc58b8d84062"

[[projects]]
  digest = "1:5cc0a79708ff125eb2ef67b2ce32e589426b4de41ff1c5c27368affadbe62916"
  name = "github.com/ochinchina/go-ini"
  packages = ["."]
  pruneopts = "UT"
  revision = "e85fd2395f660242cb2eb02419423297e7b8c2a3"
  version = "v1.0.1"

[[projects]]
  digest = "1:2bda9ee77bbcb500f9c01784a5b961de2f2f792dac3d47184a508fc8a2dea739"
  name = "github.com/ochinchina/gorilla-xmlrpc"
  packages = ["xml"]
  pruneopts = "UT"
  revision = "ecf2fe693a2ca10ce68d2c7d4c559f1a57d2c845"
  version = "v1.0"

[[projects]]
  digest = "1:268ecb2b20c5d7b7286af9fc2ee460485542394d226281a4c573b582839e3268"
  name = "github.com/ochinchina/supervisord"
  packages = [
    "config",
    "events",
    "faults",
    "logger",
    "process",
    "signals",
    "types",
    "util",
    "xmlrpcclient",
  ]
  pruneopts = "UT"
  revision = "6e32849c001c7ba0c3995f6f73610c156b5dee3c"
  version = "v0.5"

[[projects]]
  digest = "1:0028cb19b2e4c3112225cd871870f2d9cf49b9b4276531f03438a88e94be86fe"
  name = "github.com/pmezard/go-difflib"
  packages = ["difflib"]
  pruneopts = "UT"
  revision = "792786c7400a136282c1664665ae0a8db921c6c2"
  version = "v1.0.0"

[[projects]]
  digest = "1:451f5d3994953dc730b74283b878a3b5af43385f1bf872a5b187e48e133be798"
  name = "github.com/rbeuque74/nsca"
  packages = ["."]
  pruneopts = "UT"
  revision = "b69664d6082edbe6e9bbba986846fc2496fc652b"
  version = "v1.0.0"

[[projects]]
  branch = "master"
  digest = "1:59cd06c6d28a70886073fa8e6a14fcbbfc2d37ec716a15df3d7b49b51b16b242"
  name = "github.com/rogpeppe/go-charset"
  packages = [
    "charset",
    "data",
  ]
  pruneopts = "UT"
  revision = "2471d30d28b404738b546df7aaa82c45826bc02e"

[[projects]]
  digest = "1:d867dfa6751c8d7a435821ad3b736310c2ed68945d05b50fb9d23aee0540c8cc"
  name = "github.com/sirupsen/logrus"
  packages = ["."]
  pruneopts = "UT"
  revision = "3e01752db0189b9157070a0e1668a620f9a85da2"
  version = "v1.0.6"

[[projects]]
  digest = "1:18752d0b95816a1b777505a97f71c7467a8445b8ffb55631a7bf779f6ba4fa83"
  name = "github.com/stretchr/testify"
  packages = ["assert"]
  pruneopts = "UT"
  revision = "f35b8ab0b5a2cef36673838d662e249dd9c94686"
  version = "v1.2.2"

[[projects]]
  branch = "master"
  digest = "1:6d0f9b467bafea46335348982a95d8157064a796684662c7c16a13ee01c8492b"
  name = "github.com/tubemogul/nscatools"
  packages = ["."]
  pruneopts = "UT"
  revision = "ca8ef6bde11ecec0cb3326cbd3a868600758b9dd"

[[projects]]
  branch = "master"
  digest = "1:3f3a05ae0b95893d90b9b3b5afdb79a9b3d96e4e36e099d841ae602e4aca0da8"
  name = "golang.org/x/crypto"
  packages = ["ssh/terminal"]
  pruneopts = "UT"
  revision = "aabede6cba87e37f413b3e60ebfc214f8eeca1b0"

[[projects]]
  branch = "master"
  digest = "1:2f71657f09ff05e4567909e9e0de7ad799828c96d402c540b41dc044a6590fb2"
  name = "golang.org/x/sys"
  packages = [
    "unix",
    "windows",
  ]
  pruneopts = "UT"
  revision = "1c9583448a9c3aa0f9a6a5241bf73c0bd8aafded"

[[projects]]
  digest = "1:e2f64cca6e235f32cd4c2f9be9ae0cda1f8608fc6fdb68936e8d10e4e0bb074d"
  name = "gopkg.in/go-playground/validator.v9"
  packages = ["."]
  pruneopts = "UT"
  revision = "e69e9a28bb62b977fdc58d051f1bb477b7cbe486"
  version = "v9.21.0"

[[projects]]
  digest = "1:07dd95756da2535052eb662e72981b7d856d104cca09f8050afaff117e8b4d5b"
  name = "gopkg.in/mcuadros/go-defaults.v1"
  packages = ["."]
  pruneopts = "UT"
  revision = "ac8540f0fc7e0fb5f1eb9e25c6fd0b8db8f97eed"
  version = "v1.1.0"

[[projects]]
  digest = "1:342378ac4dcb378a5448dd723f0784ae519383532f5e70ade24132c4c8693202"
  name = "gopkg.in/yaml.v2"
  packages = ["."]
  pruneopts = "UT"
  revision = "5420a8b6744d3b0345ab293f6fcba19c978f1183"
  version = "v2.2.1"

[solve-meta]
  analyzer-name = "dep"
  analyzer-version = 1
  input-imports = [
    "github.com/buger/goterm",
    "github.com/gambol99/go-marathon",
    "github.com/ghodss/yaml",
    "github.com/loopfz/gadgeto/amock",
    "github.com/mattn/go-shellwords",
    "github.com/mitchellh/go-ps",
    "github.com/ochinchina/supervisord/process",
    "github.com/ochinchina/supervisord/xmlrpcclient",
    "github.com/rbeuque74/nsca",
    "github.com/sirupsen/logrus",
    "github.com/stretchr/testify/assert",
    "github.com/tubemogul/nscatools",
    "gopkg.in/go-playground/validator.v9",
    "gopkg.in/mcuadros/go-defaults.v1",
  ]
  solver-name = "gps-cdcl"
  solver-version = 1
